
Microsoft Visual Studio Solution File, Format Version 11.00
# Visual Studio 2010
Project("{8BC9CEB8-8B4A-11D0-8D11-00A0C91BC942}") = "OpenCVdemo11", "OpenCVdemo11\OpenCVdemo11.vcxproj", "{6107C6AD-78FD-41CA-8B32-D0071E2E00E8}"
EndProject
Global
	GlobalSection(SolutionConfigurationPlatforms) = preSolution
		Debug|Win32 = Debug|Win32
		Release|Win32 = Release|Win32
	EndGlobalSection
	GlobalSection(ProjectConfigurationPlatforms) = postSolution
		{6107C6AD-78FD-41CA-8B32-D0071E2E00E8}.Debug|Win32.ActiveCfg = Debug|Win32
		{6107C6AD-78FD-41CA-8B32-D0071E2E00E8}.Debug|Win32.Build.0 = Debug|Win32
		{6107C6AD-78FD-41CA-8B32-D0071E2E00E8}.Release|Win32.ActiveCfg = Release|Win32
		{6107C6AD-78FD-41CA-8B32-D0071E2E00E8}.Release|Win32.Build.0 = Release|Win32
	EndGlobalSection
	GlobalSection(SolutionProperties) = preSolution
		HideSolutionNode = FALSE
	EndGlobalSection
EndGlobal
