
Microsoft Visual Studio Solution File, Format Version 11.00
# Visual Studio 2010
Project("{8BC9CEB8-8B4A-11D0-8D11-00A0C91BC942}") = "OpenCVdemo2", "OpenCVdemo2\OpenCVdemo2.vcxproj", "{106EF6B9-C672-4A4F-8C2F-45A83F88C739}"
EndProject
Global
	GlobalSection(SolutionConfigurationPlatforms) = preSolution
		Debug|Win32 = Debug|Win32
		Release|Win32 = Release|Win32
	EndGlobalSection
	GlobalSection(ProjectConfigurationPlatforms) = postSolution
		{106EF6B9-C672-4A4F-8C2F-45A83F88C739}.Debug|Win32.ActiveCfg = Debug|Win32
		{106EF6B9-C672-4A4F-8C2F-45A83F88C739}.Debug|Win32.Build.0 = Debug|Win32
		{106EF6B9-C672-4A4F-8C2F-45A83F88C739}.Release|Win32.ActiveCfg = Release|Win32
		{106EF6B9-C672-4A4F-8C2F-45A83F88C739}.Release|Win32.Build.0 = Release|Win32
	EndGlobalSection
	GlobalSection(SolutionProperties) = preSolution
		HideSolutionNode = FALSE
	EndGlobalSection
EndGlobal
