
Microsoft Visual Studio Solution File, Format Version 11.00
# Visual Studio 2010
Project("{8BC9CEB8-8B4A-11D0-8D11-00A0C91BC942}") = "OpenCVdemo10", "OpenCVdemo10\OpenCVdemo10.vcxproj", "{2A2E3DC6-5E15-4C81-A6E7-99F4F9C97D00}"
EndProject
Global
	GlobalSection(SolutionConfigurationPlatforms) = preSolution
		Debug|Win32 = Debug|Win32
		Release|Win32 = Release|Win32
	EndGlobalSection
	GlobalSection(ProjectConfigurationPlatforms) = postSolution
		{2A2E3DC6-5E15-4C81-A6E7-99F4F9C97D00}.Debug|Win32.ActiveCfg = Debug|Win32
		{2A2E3DC6-5E15-4C81-A6E7-99F4F9C97D00}.Debug|Win32.Build.0 = Debug|Win32
		{2A2E3DC6-5E15-4C81-A6E7-99F4F9C97D00}.Release|Win32.ActiveCfg = Release|Win32
		{2A2E3DC6-5E15-4C81-A6E7-99F4F9C97D00}.Release|Win32.Build.0 = Release|Win32
	EndGlobalSection
	GlobalSection(SolutionProperties) = preSolution
		HideSolutionNode = FALSE
	EndGlobalSection
EndGlobal
