
Microsoft Visual Studio Solution File, Format Version 11.00
# Visual Studio 2010
Project("{8BC9CEB8-8B4A-11D0-8D11-00A0C91BC942}") = "OpenCVdemo1", "OpenCVdemo1\OpenCVdemo1.vcxproj", "{C6BA2F4E-C7E3-47BC-8672-090D1AB1A261}"
EndProject
Global
	GlobalSection(SolutionConfigurationPlatforms) = preSolution
		Debug|Win32 = Debug|Win32
		Release|Win32 = Release|Win32
	EndGlobalSection
	GlobalSection(ProjectConfigurationPlatforms) = postSolution
		{C6BA2F4E-C7E3-47BC-8672-090D1AB1A261}.Debug|Win32.ActiveCfg = Debug|Win32
		{C6BA2F4E-C7E3-47BC-8672-090D1AB1A261}.Debug|Win32.Build.0 = Debug|Win32
		{C6BA2F4E-C7E3-47BC-8672-090D1AB1A261}.Release|Win32.ActiveCfg = Release|Win32
		{C6BA2F4E-C7E3-47BC-8672-090D1AB1A261}.Release|Win32.Build.0 = Release|Win32
	EndGlobalSection
	GlobalSection(SolutionProperties) = preSolution
		HideSolutionNode = FALSE
	EndGlobalSection
EndGlobal
